
Microsoft Visual Studio Solution File, Format Version 12.00
# Visual Studio Version 16
VisualStudioVersion = 16.0.31112.23
MinimumVisualStudioVersion = 10.0.40219.1
Project("{8BC9CEB8-8B4A-11D0-8D11-00A0C91BC942}") = "AsioSimpleClient", "AsioSimpleClient\AsioSimpleClient.vcxproj", "{5855E905-FA92-41CB-AEA3-43C023E322A0}"
	ProjectSection(ProjectDependencies) = postProject
		{C37C8C33-E133-42B0-8C9E-F427D5620F85} = {C37C8C33-E133-42B0-8C9E-F427D5620F85}
	EndProjectSection
EndProject
Project("{8BC9CEB8-8B4A-11D0-8D11-00A0C91BC942}") = "AsioServer", "AsioServer\AsioServer.vcxproj", "{F6E8F6E4-4305-4F8F-BC60-AD43C31489E2}"
	ProjectSection(ProjectDependencies) = postProject
		{C37C8C33-E133-42B0-8C9E-F427D5620F85} = {C37C8C33-E133-42B0-8C9E-F427D5620F85}
	EndProjectSection
EndProject
Project("{8BC9CEB8-8B4A-11D0-8D11-00A0C91BC942}") = "NetCommon", "NetCommon\NetCommon.vcxproj", "{C37C8C33-E133-42B0-8C9E-F427D5620F85}"
EndProject
Global
	GlobalSection(SolutionConfigurationPlatforms) = preSolution
		Debug|x64 = Debug|x64
		Debug|x86 = Debug|x86
		Release|x64 = Release|x64
		Release|x86 = Release|x86
	EndGlobalSection
	GlobalSection(ProjectConfigurationPlatforms) = postSolution
		{5855E905-FA92-41CB-AEA3-43C023E322A0}.Debug|x64.ActiveCfg = Debug|x64
		{5855E905-FA92-41CB-AEA3-43C023E322A0}.Debug|x64.Build.0 = Debug|x64
		{5855E905-FA92-41CB-AEA3-43C023E322A0}.Debug|x86.ActiveCfg = Debug|Win32
		{5855E905-FA92-41CB-AEA3-43C023E322A0}.Debug|x86.Build.0 = Debug|Win32
		{5855E905-FA92-41CB-AEA3-43C023E322A0}.Release|x64.ActiveCfg = Release|x64
		{5855E905-FA92-41CB-AEA3-43C023E322A0}.Release|x64.Build.0 = Release|x64
		{5855E905-FA92-41CB-AEA3-43C023E322A0}.Release|x86.ActiveCfg = Release|Win32
		{5855E905-FA92-41CB-AEA3-43C023E322A0}.Release|x86.Build.0 = Release|Win32
		{F6E8F6E4-4305-4F8F-BC60-AD43C31489E2}.Debug|x64.ActiveCfg = Debug|x64
		{F6E8F6E4-4305-4F8F-BC60-AD43C31489E2}.Debug|x64.Build.0 = Debug|x64
		{F6E8F6E4-4305-4F8F-BC60-AD43C31489E2}.Debug|x86.ActiveCfg = Debug|Win32
		{F6E8F6E4-4305-4F8F-BC60-AD43C31489E2}.Debug|x86.Build.0 = Debug|Win32
		{F6E8F6E4-4305-4F8F-BC60-AD43C31489E2}.Release|x64.ActiveCfg = Release|x64
		{F6E8F6E4-4305-4F8F-BC60-AD43C31489E2}.Release|x64.Build.0 = Release|x64
		{F6E8F6E4-4305-4F8F-BC60-AD43C31489E2}.Release|x86.ActiveCfg = Release|Win32
		{F6E8F6E4-4305-4F8F-BC60-AD43C31489E2}.Release|x86.Build.0 = Release|Win32
		{C37C8C33-E133-42B0-8C9E-F427D5620F85}.Debug|x64.ActiveCfg = Debug|x64
		{C37C8C33-E133-42B0-8C9E-F427D5620F85}.Debug|x64.Build.0 = Debug|x64
		{C37C8C33-E133-42B0-8C9E-F427D5620F85}.Debug|x86.ActiveCfg = Debug|Win32
		{C37C8C33-E133-42B0-8C9E-F427D5620F85}.Debug|x86.Build.0 = Debug|Win32
		{C37C8C33-E133-42B0-8C9E-F427D5620F85}.Release|x64.ActiveCfg = Release|x64
		{C37C8C33-E133-42B0-8C9E-F427D5620F85}.Release|x64.Build.0 = Release|x64
		{C37C8C33-E133-42B0-8C9E-F427D5620F85}.Release|x86.ActiveCfg = Release|Win32
		{C37C8C33-E133-42B0-8C9E-F427D5620F85}.Release|x86.Build.0 = Release|Win32
	EndGlobalSection
	GlobalSection(SolutionProperties) = preSolution
		HideSolutionNode = FALSE
	EndGlobalSection
	GlobalSection(ExtensibilityGlobals) = postSolution
		SolutionGuid = {8214D64D-79B1-41D4-805A-43967A7B28C3}
	EndGlobalSection
EndGlobal
